{
  "name": "cube",
  "version": "1.0.0",
  "lockfileVersion": 3,
  "requires": true,
  "packages": {
    "": {
      "name": "cube",
      "version": "1.0.0",
      "license": "ISC",
      "workspaces": [
        "packages/app0",
        "packages/app1"
      ]
    },
    "node_modules/@cube/app0": {
      "resolved": "packages/app0",
      "link": true
    },
    "node_modules/@cube/app1": {
      "resolved": "packages/app1",
      "link": true
    },
    "packages/app0": {
      "name": "@cube/app0"
    },
    "packages/app1": {
      "name": "@cube/app1"
    }
  }
}
